
Microsoft Visual Studio Solution File, Format Version 12.00
# Visual Studio Version 17
VisualStudioVersion = 17.10.35013.160
MinimumVisualStudioVersion = 10.0.40219.1
Project("{2150E333-8FDC-42A3-9474-1A3956D46DE8}") = "Services", "Services", "{05115146-C2DE-416D-9946-85DBDF4E21F0}"
EndProject
Project("{2150E333-8FDC-42A3-9474-1A3956D46DE8}") = "Catalog", "Catalog", "{249323BD-6FF1-45C3-AD63-BB1553CE7E4A}"
EndProject
Project("{2150E333-8FDC-42A3-9474-1A3956D46DE8}") = "Basket", "Basket", "{C65332E4-C032-4A00-9EC6-ADCFD156F1F2}"
EndProject
Project("{2150E333-8FDC-42A3-9474-1A3956D46DE8}") = "Order", "Order", "{971BB88E-E345-4973-B03D-ED6BE43363FC}"
EndProject
Project("{2150E333-8FDC-42A3-9474-1A3956D46DE8}") = "Discount", "Discount", "{2C09A7D1-1931-4917-8934-7C14D23BC3E6}"
EndProject
Project("{2150E333-8FDC-42A3-9474-1A3956D46DE8}") = "Payment", "Payment", "{0424C4BE-B448-497B-8505-D6897E52AFD6}"
EndProject
Project("{2150E333-8FDC-42A3-9474-1A3956D46DE8}") = "Frontends", "Frontends", "{F249F844-DDBD-48A4-967E-328BCFAF6450}"
EndProject
Project("{2150E333-8FDC-42A3-9474-1A3956D46DE8}") = "IdentityServer", "IdentityServer", "{7BF53737-FC83-45D9-91F2-279EF65AA342}"
EndProject
Project("{9A19103F-16F7-4668-BE54-9A1E7A4F7556}") = "EShopper.Catalog", "Services\Catalog\EShopper.Catalog\EShopper.Catalog.csproj", "{7662D743-744D-49D2-8050-55B0D2080282}"
EndProject
Project("{2150E333-8FDC-42A3-9474-1A3956D46DE8}") = "Requeriments", "Requeriments", "{FC509E7B-A457-41B8-8932-12E8F49F069E}"
	ProjectSection(SolutionItems) = preProject
		Port.txt = Port.txt
	EndProjectSection
EndProject
Project("{9A19103F-16F7-4668-BE54-9A1E7A4F7556}") = "EShopper.Discount", "Services\Discount\EShopper.Discount\EShopper.Discount.csproj", "{EAA369CC-97A6-4E4C-88C9-FD7368724328}"
EndProject
Project("{9A19103F-16F7-4668-BE54-9A1E7A4F7556}") = "EShopper.Order.EntityLayer", "Services\Order\EShopper.Order.EntityLayer\EShopper.Order.EntityLayer.csproj", "{9EC89FD4-BAB6-4463-8085-6C020B3C964E}"
EndProject
Project("{9A19103F-16F7-4668-BE54-9A1E7A4F7556}") = "EShopper.Order.DataAccsessLayer", "Services\Order\EShopper.Order.DataAccsessLayer\EShopper.Order.DataAccsessLayer.csproj", "{A54136E2-0410-4136-B570-510D720D3E69}"
EndProject
Project("{9A19103F-16F7-4668-BE54-9A1E7A4F7556}") = "EShopper.Order.BusinnesLayer", "Services\Order\EShopper.Order.BusinnesLayer\EShopper.Order.BusinnesLayer.csproj", "{20802893-4298-46F3-A2D7-3E9F8AD6B2DE}"
EndProject
Project("{9A19103F-16F7-4668-BE54-9A1E7A4F7556}") = "EShopper.Order.WebAPI", "Services\Order\EShopper.Order.WebAPI\EShopper.Order.WebAPI.csproj", "{394322CC-1203-4BEA-81FE-B4D828804777}"
EndProject
Project("{9A19103F-16F7-4668-BE54-9A1E7A4F7556}") = "EShopper.Order.DtoLayer", "Services\Order\EShopper.Order.DtoLayer\EShopper.Order.DtoLayer.csproj", "{48FE3462-1E22-4309-94C5-44ED93ABCD29}"
EndProject
Project("{2150E333-8FDC-42A3-9474-1A3956D46DE8}") = "Gateway", "Gateway", "{8AE4F500-7047-4EF0-AACE-10FE922DA052}"
EndProject
Project("{9A19103F-16F7-4668-BE54-9A1E7A4F7556}") = "EShopper.IdentityServer", "IdentityServer\EShopper.IdentityServer\EShopper.IdentityServer.csproj", "{5E2D84AE-7995-4BD8-A642-DBE48AA2F71F}"
EndProject
Global
	GlobalSection(SolutionConfigurationPlatforms) = preSolution
		Debug|Any CPU = Debug|Any CPU
		Release|Any CPU = Release|Any CPU
	EndGlobalSection
	GlobalSection(ProjectConfigurationPlatforms) = postSolution
		{7662D743-744D-49D2-8050-55B0D2080282}.Debug|Any CPU.ActiveCfg = Debug|Any CPU
		{7662D743-744D-49D2-8050-55B0D2080282}.Debug|Any CPU.Build.0 = Debug|Any CPU
		{7662D743-744D-49D2-8050-55B0D2080282}.Release|Any CPU.ActiveCfg = Release|Any CPU
		{7662D743-744D-49D2-8050-55B0D2080282}.Release|Any CPU.Build.0 = Release|Any CPU
		{EAA369CC-97A6-4E4C-88C9-FD7368724328}.Debug|Any CPU.ActiveCfg = Debug|Any CPU
		{EAA369CC-97A6-4E4C-88C9-FD7368724328}.Debug|Any CPU.Build.0 = Debug|Any CPU
		{EAA369CC-97A6-4E4C-88C9-FD7368724328}.Release|Any CPU.ActiveCfg = Release|Any CPU
		{EAA369CC-97A6-4E4C-88C9-FD7368724328}.Release|Any CPU.Build.0 = Release|Any CPU
		{9EC89FD4-BAB6-4463-8085-6C020B3C964E}.Debug|Any CPU.ActiveCfg = Debug|Any CPU
		{9EC89FD4-BAB6-4463-8085-6C020B3C964E}.Debug|Any CPU.Build.0 = Debug|Any CPU
		{9EC89FD4-BAB6-4463-8085-6C020B3C964E}.Release|Any CPU.ActiveCfg = Release|Any CPU
		{9EC89FD4-BAB6-4463-8085-6C020B3C964E}.Release|Any CPU.Build.0 = Release|Any CPU
		{A54136E2-0410-4136-B570-510D720D3E69}.Debug|Any CPU.ActiveCfg = Debug|Any CPU
		{A54136E2-0410-4136-B570-510D720D3E69}.Debug|Any CPU.Build.0 = Debug|Any CPU
		{A54136E2-0410-4136-B570-510D720D3E69}.Release|Any CPU.ActiveCfg = Release|Any CPU
		{A54136E2-0410-4136-B570-510D720D3E69}.Release|Any CPU.Build.0 = Release|Any CPU
		{20802893-4298-46F3-A2D7-3E9F8AD6B2DE}.Debug|Any CPU.ActiveCfg = Debug|Any CPU
		{20802893-4298-46F3-A2D7-3E9F8AD6B2DE}.Debug|Any CPU.Build.0 = Debug|Any CPU
		{20802893-4298-46F3-A2D7-3E9F8AD6B2DE}.Release|Any CPU.ActiveCfg = Release|Any CPU
		{20802893-4298-46F3-A2D7-3E9F8AD6B2DE}.Release|Any CPU.Build.0 = Release|Any CPU
		{394322CC-1203-4BEA-81FE-B4D828804777}.Debug|Any CPU.ActiveCfg = Debug|Any CPU
		{394322CC-1203-4BEA-81FE-B4D828804777}.Debug|Any CPU.Build.0 = Debug|Any CPU
		{394322CC-1203-4BEA-81FE-B4D828804777}.Release|Any CPU.ActiveCfg = Release|Any CPU
		{394322CC-1203-4BEA-81FE-B4D828804777}.Release|Any CPU.Build.0 = Release|Any CPU
		{48FE3462-1E22-4309-94C5-44ED93ABCD29}.Debug|Any CPU.ActiveCfg = Debug|Any CPU
		{48FE3462-1E22-4309-94C5-44ED93ABCD29}.Debug|Any CPU.Build.0 = Debug|Any CPU
		{48FE3462-1E22-4309-94C5-44ED93ABCD29}.Release|Any CPU.ActiveCfg = Release|Any CPU
		{48FE3462-1E22-4309-94C5-44ED93ABCD29}.Release|Any CPU.Build.0 = Release|Any CPU
		{5E2D84AE-7995-4BD8-A642-DBE48AA2F71F}.Debug|Any CPU.ActiveCfg = Debug|Any CPU
		{5E2D84AE-7995-4BD8-A642-DBE48AA2F71F}.Debug|Any CPU.Build.0 = Debug|Any CPU
		{5E2D84AE-7995-4BD8-A642-DBE48AA2F71F}.Release|Any CPU.ActiveCfg = Release|Any CPU
		{5E2D84AE-7995-4BD8-A642-DBE48AA2F71F}.Release|Any CPU.Build.0 = Release|Any CPU
	EndGlobalSection
	GlobalSection(SolutionProperties) = preSolution
		HideSolutionNode = FALSE
	EndGlobalSection
	GlobalSection(NestedProjects) = preSolution
		{249323BD-6FF1-45C3-AD63-BB1553CE7E4A} = {05115146-C2DE-416D-9946-85DBDF4E21F0}
		{C65332E4-C032-4A00-9EC6-ADCFD156F1F2} = {05115146-C2DE-416D-9946-85DBDF4E21F0}
		{971BB88E-E345-4973-B03D-ED6BE43363FC} = {05115146-C2DE-416D-9946-85DBDF4E21F0}
		{2C09A7D1-1931-4917-8934-7C14D23BC3E6} = {05115146-C2DE-416D-9946-85DBDF4E21F0}
		{0424C4BE-B448-497B-8505-D6897E52AFD6} = {05115146-C2DE-416D-9946-85DBDF4E21F0}
		{7662D743-744D-49D2-8050-55B0D2080282} = {249323BD-6FF1-45C3-AD63-BB1553CE7E4A}
		{EAA369CC-97A6-4E4C-88C9-FD7368724328} = {2C09A7D1-1931-4917-8934-7C14D23BC3E6}
		{9EC89FD4-BAB6-4463-8085-6C020B3C964E} = {971BB88E-E345-4973-B03D-ED6BE43363FC}
		{A54136E2-0410-4136-B570-510D720D3E69} = {971BB88E-E345-4973-B03D-ED6BE43363FC}
		{20802893-4298-46F3-A2D7-3E9F8AD6B2DE} = {971BB88E-E345-4973-B03D-ED6BE43363FC}
		{394322CC-1203-4BEA-81FE-B4D828804777} = {971BB88E-E345-4973-B03D-ED6BE43363FC}
		{48FE3462-1E22-4309-94C5-44ED93ABCD29} = {971BB88E-E345-4973-B03D-ED6BE43363FC}
		{5E2D84AE-7995-4BD8-A642-DBE48AA2F71F} = {7BF53737-FC83-45D9-91F2-279EF65AA342}
	EndGlobalSection
	GlobalSection(ExtensibilityGlobals) = postSolution
		SolutionGuid = {169C7901-C5D5-4BAF-981C-80A2273A634E}
	EndGlobalSection
EndGlobal
